
Microsoft Visual Studio Solution File, Format Version 12.00
# Visual Studio Version 16
VisualStudioVersion = 16.0.30804.86
MinimumVisualStudioVersion = 10.0.40219.1
Project("{9A19103F-16F7-4668-BE54-9A1E7A4F7556}") = "KampIntro", "KampIntro\KampIntro.csproj", "{4000C0E8-256F-43DC-8785-2B536A50A5C2}"
EndProject
Project("{9A19103F-16F7-4668-BE54-9A1E7A4F7556}") = "Donguler", "Donguler\Donguler.csproj", "{AB5137CF-27D6-424B-B16E-A58DBFB93910}"
EndProject
Project("{9A19103F-16F7-4668-BE54-9A1E7A4F7556}") = "ClassIntro", "ClassIntro\ClassIntro.csproj", "{9EBB7377-28A6-4968-BAA9-AE29794A4AF2}"
EndProject
Project("{FAE04EC0-301F-11D3-BF4B-00C04F79EFBC}") = "Metotlar", "Metotlar\Metotlar.csproj", "{A2A6A734-11FB-4950-910B-6FBFED285E21}"
EndProject
Project("{FAE04EC0-301F-11D3-BF4B-00C04F79EFBC}") = "Matematik", "Matematik\Matematik.csproj", "{E7F54E2F-66A6-4CBD-BE8A-CF1C2228812B}"
EndProject
Project("{FAE04EC0-301F-11D3-BF4B-00C04F79EFBC}") = "DegerVeReferansTipler", "DegerVeReferansTipler\DegerVeReferansTipler.csproj", "{D3DE45A9-C983-456C-85D3-AB0F897315EE}"
EndProject
Global
	GlobalSection(SolutionConfigurationPlatforms) = preSolution
		Debug|Any CPU = Debug|Any CPU
		Release|Any CPU = Release|Any CPU
	EndGlobalSection
	GlobalSection(ProjectConfigurationPlatforms) = postSolution
		{4000C0E8-256F-43DC-8785-2B536A50A5C2}.Debug|Any CPU.ActiveCfg = Debug|Any CPU
		{4000C0E8-256F-43DC-8785-2B536A50A5C2}.Debug|Any CPU.Build.0 = Debug|Any CPU
		{4000C0E8-256F-43DC-8785-2B536A50A5C2}.Release|Any CPU.ActiveCfg = Release|Any CPU
		{4000C0E8-256F-43DC-8785-2B536A50A5C2}.Release|Any CPU.Build.0 = Release|Any CPU
		{AB5137CF-27D6-424B-B16E-A58DBFB93910}.Debug|Any CPU.ActiveCfg = Debug|Any CPU
		{AB5137CF-27D6-424B-B16E-A58DBFB93910}.Debug|Any CPU.Build.0 = Debug|Any CPU
		{AB5137CF-27D6-424B-B16E-A58DBFB93910}.Release|Any CPU.ActiveCfg = Release|Any CPU
		{AB5137CF-27D6-424B-B16E-A58DBFB93910}.Release|Any CPU.Build.0 = Release|Any CPU
		{9EBB7377-28A6-4968-BAA9-AE29794A4AF2}.Debug|Any CPU.ActiveCfg = Debug|Any CPU
		{9EBB7377-28A6-4968-BAA9-AE29794A4AF2}.Debug|Any CPU.Build.0 = Debug|Any CPU
		{9EBB7377-28A6-4968-BAA9-AE29794A4AF2}.Release|Any CPU.ActiveCfg = Release|Any CPU
		{9EBB7377-28A6-4968-BAA9-AE29794A4AF2}.Release|Any CPU.Build.0 = Release|Any CPU
		{A2A6A734-11FB-4950-910B-6FBFED285E21}.Debug|Any CPU.ActiveCfg = Debug|Any CPU
		{A2A6A734-11FB-4950-910B-6FBFED285E21}.Debug|Any CPU.Build.0 = Debug|Any CPU
		{A2A6A734-11FB-4950-910B-6FBFED285E21}.Release|Any CPU.ActiveCfg = Release|Any CPU
		{A2A6A734-11FB-4950-910B-6FBFED285E21}.Release|Any CPU.Build.0 = Release|Any CPU
		{E7F54E2F-66A6-4CBD-BE8A-CF1C2228812B}.Debug|Any CPU.ActiveCfg = Debug|Any CPU
		{E7F54E2F-66A6-4CBD-BE8A-CF1C2228812B}.Debug|Any CPU.Build.0 = Debug|Any CPU
		{E7F54E2F-66A6-4CBD-BE8A-CF1C2228812B}.Release|Any CPU.ActiveCfg = Release|Any CPU
		{E7F54E2F-66A6-4CBD-BE8A-CF1C2228812B}.Release|Any CPU.Build.0 = Release|Any CPU
		{D3DE45A9-C983-456C-85D3-AB0F897315EE}.Debug|Any CPU.ActiveCfg = Debug|Any CPU
		{D3DE45A9-C983-456C-85D3-AB0F897315EE}.Debug|Any CPU.Build.0 = Debug|Any CPU
		{D3DE45A9-C983-456C-85D3-AB0F897315EE}.Release|Any CPU.ActiveCfg = Release|Any CPU
		{D3DE45A9-C983-456C-85D3-AB0F897315EE}.Release|Any CPU.Build.0 = Release|Any CPU
	EndGlobalSection
	GlobalSection(SolutionProperties) = preSolution
		HideSolutionNode = FALSE
	EndGlobalSection
	GlobalSection(ExtensibilityGlobals) = postSolution
		SolutionGuid = {28A4712B-F429-4D00-8A5D-430B0B261285}
	EndGlobalSection
EndGlobal
