
Microsoft Visual Studio Solution File, Format Version 12.00
# Visual Studio Version 16
VisualStudioVersion = 16.0.30804.86
MinimumVisualStudioVersion = 10.0.40219.1
Project("{9A19103F-16F7-4668-BE54-9A1E7A4F7556}") = "KampIntro", "KampIntro\KampIntro.csproj", "{4000C0E8-256F-43DC-8785-2B536A50A5C2}"
EndProject
Project("{9A19103F-16F7-4668-BE54-9A1E7A4F7556}") = "Donguler", "Donguler\Donguler.csproj", "{AB5137CF-27D6-424B-B16E-A58DBFB93910}"
EndProject
Project("{9A19103F-16F7-4668-BE54-9A1E7A4F7556}") = "ClassIntro", "ClassIntro\ClassIntro.csproj", "{9EBB7377-28A6-4968-BAA9-AE29794A4AF2}"
EndProject
Project("{9A19103F-16F7-4668-BE54-9A1E7A4F7556}") = "Metotlar", "Metotlar\Metotlar.csproj", "{A2A6A734-11FB-4950-910B-6FBFED285E21}"
EndProject
Project("{9A19103F-16F7-4668-BE54-9A1E7A4F7556}") = "Matematik", "Matematik\Matematik.csproj", "{E7F54E2F-66A6-4CBD-BE8A-CF1C2228812B}"
EndProject
Project("{9A19103F-16F7-4668-BE54-9A1E7A4F7556}") = "DegerVeReferansTipler", "DegerVeReferansTipler\DegerVeReferansTipler.csproj", "{D3DE45A9-C983-456C-85D3-AB0F897315EE}"
EndProject
Project("{9A19103F-16F7-4668-BE54-9A1E7A4F7556}") = "ClassMetotDemo", "ClassMetotDemo\ClassMetotDemo.csproj", "{68F97934-F513-41CD-9856-BAE0A726A1B6}"
EndProject
Project("{9A19103F-16F7-4668-BE54-9A1E7A4F7556}") = "OOP1", "OOP1\OOP1.csproj", "{4EBEFD05-8A26-4653-BFE4-C2BC2AD015AB}"
EndProject
Project("{9A19103F-16F7-4668-BE54-9A1E7A4F7556}") = "Collections", "Collections\Collections.csproj", "{27C6BB73-7CB4-4B07-AC8B-FCF320282D38}"
EndProject
Project("{9A19103F-16F7-4668-BE54-9A1E7A4F7556}") = "GenericsIntro", "GenericsIntro\GenericsIntro.csproj", "{50FE9F97-80D3-4FD7-A996-FB0A94F96CFF}"
EndProject
Project("{9A19103F-16F7-4668-BE54-9A1E7A4F7556}") = "DictionaryIntro", "MyDictionary\DictionaryIntro.csproj", "{9C11F82D-AC07-4F59-9120-81604B6CD771}"
EndProject
Project("{FAE04EC0-301F-11D3-BF4B-00C04F79EFBC}") = "OOP2", "OOP2\OOP2.csproj", "{0ECD6D71-AD04-4C30-BFBB-88AB416C8093}"
EndProject
Project("{FAE04EC0-301F-11D3-BF4B-00C04F79EFBC}") = "OOP3", "OOP3\OOP3.csproj", "{DA1CBDFE-1714-4B1F-8883-4939B36A7AE0}"
EndProject
Global
	GlobalSection(SolutionConfigurationPlatforms) = preSolution
		Debug|Any CPU = Debug|Any CPU
		Release|Any CPU = Release|Any CPU
	EndGlobalSection
	GlobalSection(ProjectConfigurationPlatforms) = postSolution
		{4000C0E8-256F-43DC-8785-2B536A50A5C2}.Debug|Any CPU.ActiveCfg = Debug|Any CPU
		{4000C0E8-256F-43DC-8785-2B536A50A5C2}.Debug|Any CPU.Build.0 = Debug|Any CPU
		{4000C0E8-256F-43DC-8785-2B536A50A5C2}.Release|Any CPU.ActiveCfg = Release|Any CPU
		{4000C0E8-256F-43DC-8785-2B536A50A5C2}.Release|Any CPU.Build.0 = Release|Any CPU
		{AB5137CF-27D6-424B-B16E-A58DBFB93910}.Debug|Any CPU.ActiveCfg = Debug|Any CPU
		{AB5137CF-27D6-424B-B16E-A58DBFB93910}.Debug|Any CPU.Build.0 = Debug|Any CPU
		{AB5137CF-27D6-424B-B16E-A58DBFB93910}.Release|Any CPU.ActiveCfg = Release|Any CPU
		{AB5137CF-27D6-424B-B16E-A58DBFB93910}.Release|Any CPU.Build.0 = Release|Any CPU
		{9EBB7377-28A6-4968-BAA9-AE29794A4AF2}.Debug|Any CPU.ActiveCfg = Debug|Any CPU
		{9EBB7377-28A6-4968-BAA9-AE29794A4AF2}.Debug|Any CPU.Build.0 = Debug|Any CPU
		{9EBB7377-28A6-4968-BAA9-AE29794A4AF2}.Release|Any CPU.ActiveCfg = Release|Any CPU
		{9EBB7377-28A6-4968-BAA9-AE29794A4AF2}.Release|Any CPU.Build.0 = Release|Any CPU
		{A2A6A734-11FB-4950-910B-6FBFED285E21}.Debug|Any CPU.ActiveCfg = Debug|Any CPU
		{A2A6A734-11FB-4950-910B-6FBFED285E21}.Debug|Any CPU.Build.0 = Debug|Any CPU
		{A2A6A734-11FB-4950-910B-6FBFED285E21}.Release|Any CPU.ActiveCfg = Release|Any CPU
		{A2A6A734-11FB-4950-910B-6FBFED285E21}.Release|Any CPU.Build.0 = Release|Any CPU
		{E7F54E2F-66A6-4CBD-BE8A-CF1C2228812B}.Debug|Any CPU.ActiveCfg = Debug|Any CPU
		{E7F54E2F-66A6-4CBD-BE8A-CF1C2228812B}.Debug|Any CPU.Build.0 = Debug|Any CPU
		{E7F54E2F-66A6-4CBD-BE8A-CF1C2228812B}.Release|Any CPU.ActiveCfg = Release|Any CPU
		{E7F54E2F-66A6-4CBD-BE8A-CF1C2228812B}.Release|Any CPU.Build.0 = Release|Any CPU
		{D3DE45A9-C983-456C-85D3-AB0F897315EE}.Debug|Any CPU.ActiveCfg = Debug|Any CPU
		{D3DE45A9-C983-456C-85D3-AB0F897315EE}.Debug|Any CPU.Build.0 = Debug|Any CPU
		{D3DE45A9-C983-456C-85D3-AB0F897315EE}.Release|Any CPU.ActiveCfg = Release|Any CPU
		{D3DE45A9-C983-456C-85D3-AB0F897315EE}.Release|Any CPU.Build.0 = Release|Any CPU
		{68F97934-F513-41CD-9856-BAE0A726A1B6}.Debug|Any CPU.ActiveCfg = Debug|Any CPU
		{68F97934-F513-41CD-9856-BAE0A726A1B6}.Debug|Any CPU.Build.0 = Debug|Any CPU
		{68F97934-F513-41CD-9856-BAE0A726A1B6}.Release|Any CPU.ActiveCfg = Release|Any CPU
		{68F97934-F513-41CD-9856-BAE0A726A1B6}.Release|Any CPU.Build.0 = Release|Any CPU
		{4EBEFD05-8A26-4653-BFE4-C2BC2AD015AB}.Debug|Any CPU.ActiveCfg = Debug|Any CPU
		{4EBEFD05-8A26-4653-BFE4-C2BC2AD015AB}.Debug|Any CPU.Build.0 = Debug|Any CPU
		{4EBEFD05-8A26-4653-BFE4-C2BC2AD015AB}.Release|Any CPU.ActiveCfg = Release|Any CPU
		{4EBEFD05-8A26-4653-BFE4-C2BC2AD015AB}.Release|Any CPU.Build.0 = Release|Any CPU
		{27C6BB73-7CB4-4B07-AC8B-FCF320282D38}.Debug|Any CPU.ActiveCfg = Debug|Any CPU
		{27C6BB73-7CB4-4B07-AC8B-FCF320282D38}.Debug|Any CPU.Build.0 = Debug|Any CPU
		{27C6BB73-7CB4-4B07-AC8B-FCF320282D38}.Release|Any CPU.ActiveCfg = Release|Any CPU
		{27C6BB73-7CB4-4B07-AC8B-FCF320282D38}.Release|Any CPU.Build.0 = Release|Any CPU
		{50FE9F97-80D3-4FD7-A996-FB0A94F96CFF}.Debug|Any CPU.ActiveCfg = Debug|Any CPU
		{50FE9F97-80D3-4FD7-A996-FB0A94F96CFF}.Debug|Any CPU.Build.0 = Debug|Any CPU
		{50FE9F97-80D3-4FD7-A996-FB0A94F96CFF}.Release|Any CPU.ActiveCfg = Release|Any CPU
		{50FE9F97-80D3-4FD7-A996-FB0A94F96CFF}.Release|Any CPU.Build.0 = Release|Any CPU
		{9C11F82D-AC07-4F59-9120-81604B6CD771}.Debug|Any CPU.ActiveCfg = Debug|Any CPU
		{9C11F82D-AC07-4F59-9120-81604B6CD771}.Debug|Any CPU.Build.0 = Debug|Any CPU
		{9C11F82D-AC07-4F59-9120-81604B6CD771}.Release|Any CPU.ActiveCfg = Release|Any CPU
		{9C11F82D-AC07-4F59-9120-81604B6CD771}.Release|Any CPU.Build.0 = Release|Any CPU
		{0ECD6D71-AD04-4C30-BFBB-88AB416C8093}.Debug|Any CPU.ActiveCfg = Debug|Any CPU
		{0ECD6D71-AD04-4C30-BFBB-88AB416C8093}.Debug|Any CPU.Build.0 = Debug|Any CPU
		{0ECD6D71-AD04-4C30-BFBB-88AB416C8093}.Release|Any CPU.ActiveCfg = Release|Any CPU
		{0ECD6D71-AD04-4C30-BFBB-88AB416C8093}.Release|Any CPU.Build.0 = Release|Any CPU
		{DA1CBDFE-1714-4B1F-8883-4939B36A7AE0}.Debug|Any CPU.ActiveCfg = Debug|Any CPU
		{DA1CBDFE-1714-4B1F-8883-4939B36A7AE0}.Debug|Any CPU.Build.0 = Debug|Any CPU
		{DA1CBDFE-1714-4B1F-8883-4939B36A7AE0}.Release|Any CPU.ActiveCfg = Release|Any CPU
		{DA1CBDFE-1714-4B1F-8883-4939B36A7AE0}.Release|Any CPU.Build.0 = Release|Any CPU
	EndGlobalSection
	GlobalSection(SolutionProperties) = preSolution
		HideSolutionNode = FALSE
	EndGlobalSection
	GlobalSection(ExtensibilityGlobals) = postSolution
		SolutionGuid = {28A4712B-F429-4D00-8A5D-430B0B261285}
	EndGlobalSection
EndGlobal
